{"1.2.0",
[{<<"barrel_mcp">>,{pkg,<<"barrel_mcp">>,<<"2.2.2">>},0},
 {<<"certifi">>,{pkg,<<"certifi">>,<<"2.17.0">>},2},
 {<<"h1">>,{pkg,<<"erlang_h1">>,<<"0.6.2">>},1},
 {<<"h2">>,{pkg,<<"h2">>,<<"0.9.0">>},1},
 {<<"hackney">>,{pkg,<<"hackney">>,<<"4.3.0">>},1},
 {<<"idna">>,{pkg,<<"idna">>,<<"7.1.0">>},2},
 {<<"instrument">>,{pkg,<<"instrument">>,<<"1.1.3">>},0},
 {<<"livery">>,{pkg,<<"livery">>,<<"0.3.0">>},0},
 {<<"mimerl">>,{pkg,<<"mimerl">>,<<"1.5.0">>},1},
 {<<"parse_trans">>,{pkg,<<"parse_trans">>,<<"3.4.2">>},2},
 {<<"quic">>,{pkg,<<"quic">>,<<"1.6.5">>},1},
 {<<"ssl_verify_fun">>,{pkg,<<"ssl_verify_fun">>,<<"1.1.7">>},2},
 {<<"webtransport">>,{pkg,<<"webtransport">>,<<"0.4.0">>},1},
 {<<"ws">>,{pkg,<<"erlang_ws">>,<<"0.3.0">>},1}]}.
[
{pkg_hash,[
 {<<"barrel_mcp">>, <<"EBB5A3A15A55ECB36D0857B05B2080C376B5806242822208FFFEDFC561F535DC">>},
 {<<"certifi">>, <<"D90C46AEE6A69A27043E656AAD1BCCB933D83F1F55097B82F85FC9B3BEE9C239">>},
 {<<"h1">>, <<"26D1B59A6930EB21EAEAFEA8BE05C74B437FA277B6048B90AB430E2A9A0F1DC3">>},
 {<<"h2">>, <<"533EDE54B56B0A947F38E2B11E11E9C65103B247D2EDE50C13F1B3084B53B2F6">>},
 {<<"hackney">>, <<"783CC0D6EC61C43DC34020259D0773A8B0E702092034143FB7CC797FA363A88F">>},
 {<<"idna">>, <<"1067A13043538129602D2F2CE6899D8713125C7D19734AA557CE2E3EA55BD4F1">>},
 {<<"instrument">>, <<"FE62F79C8DF02C3E43F3EF87B105CA7B122C545E915086B9E14219BEE37723AA">>},
 {<<"livery">>, <<"8A3F821ACC0AE4A55373BF8E81C3C7809858DEDE876983E2AEEAE46C051AC258">>},
 {<<"mimerl">>, <<"F35ACA6F23242339B3666E0AC0702379E362B469D0AEA167F6CC713547E777ED">>},
 {<<"parse_trans">>, <<"92D36EEF7CFE61CE7745DAA91313DFE25480CD62C880C998E8745AF85B949C0D">>},
 {<<"quic">>, <<"C3E723B090B6E6615038A0B1AD8FE75E60EDA898721C7F36937E216BA50B1C3F">>},
 {<<"ssl_verify_fun">>, <<"354C321CF377240C7B8716899E182CE4890C5938111A1296ADD3EC74CF1715DF">>},
 {<<"webtransport">>, <<"901658230D9768631A7775A21636D05F91FA6C2915ABD23B98DF90F7E15B6B4A">>},
 {<<"ws">>, <<"6778E82A478FF6D205C14E5F17883447CF8BF4919E2C4F811FE3BE263635E37D">>}]},
{pkg_hash_ext,[
 {<<"barrel_mcp">>, <<"03F1E6DECE689BEF7E31F6DAB23D6362F2CE7E5DDCB776FD04C3C0D2C29588F9">>},
 {<<"certifi">>, <<"8122798A17F0293C80DAADA25D0F81C7F4D708C73FEF782C7C9B1950E26E4D21">>},
 {<<"h1">>, <<"F2055964E01E5A1F8E31601DA6EF91C052C56B14C364CC7C3763A1237221D365">>},
 {<<"h2">>, <<"1494DB28684C64717852173608FD4DBF7782FE977EACB0981470DB7E6173AC57">>},
 {<<"hackney">>, <<"07269063D31F7580118FC725DA06B2B3EF4D9B731A09731072DBC02620274B9F">>},
 {<<"idna">>, <<"6AE959A025BF36DF61A8CAB8508D9654891B5426A84C44D82DEAFFD6DDF8C71F">>},
 {<<"instrument">>, <<"2CEB6D54E9AD2705B843FA203D74027C23518F6CAC2499746A8792D0BD5513DA">>},
 {<<"livery">>, <<"4BB693F19D6626E2532F3E228339650DA3FFD6320899CA1602F7ABD5628996C2">>},
 {<<"mimerl">>, <<"DB648CE065BAE14EA84CA8B5DD123F42F49417CEF693541110BF6F9E9BE9ECC4">>},
 {<<"parse_trans">>, <<"4C25347DE3B7C35732D32E69AB43D1CEEE0BEAE3F3B3ADE1B59CBD3DD224D9CA">>},
 {<<"quic">>, <<"DE1A88972C33201A50D1A17C8C4A14528BD1D8F25EF705897D680AE312D0AA78">>},
 {<<"ssl_verify_fun">>, <<"FE4C190E8F37401D30167C8C405EDA19469F34577987C76DDE613E838BBC67F8">>},
 {<<"webtransport">>, <<"6E89FE1A146D5ED37B08D82CEEBE48D73042A299AB2D0DF55FCA56F05EE3980C">>},
 {<<"ws">>, <<"4F6FA9DFBDB49D27B6407F7ED5EA34F09499892079A9E5BED7389E352FFC80C5">>}]}
].
