{"1.2.0",
[{<<"barrel_mcp">>,{pkg,<<"barrel_mcp">>,<<"2.2.3">>},0},
 {<<"certifi">>,{pkg,<<"certifi">>,<<"2.17.0">>},2},
 {<<"h1">>,{pkg,<<"erlang_h1">>,<<"0.6.2">>},1},
 {<<"h2">>,{pkg,<<"h2">>,<<"0.10.1">>},1},
 {<<"hackney">>,{pkg,<<"hackney">>,<<"4.4.0">>},1},
 {<<"idna">>,{pkg,<<"idna">>,<<"7.1.0">>},2},
 {<<"instrument">>,{pkg,<<"instrument">>,<<"1.1.4">>},0},
 {<<"livery">>,{pkg,<<"livery">>,<<"0.3.2">>},0},
 {<<"mimerl">>,{pkg,<<"mimerl">>,<<"1.5.0">>},1},
 {<<"parse_trans">>,{pkg,<<"parse_trans">>,<<"3.4.2">>},2},
 {<<"quic">>,{pkg,<<"quic">>,<<"1.6.5">>},1},
 {<<"ssl_verify_fun">>,{pkg,<<"ssl_verify_fun">>,<<"1.1.7">>},2},
 {<<"webtransport">>,{pkg,<<"webtransport">>,<<"0.4.1">>},1},
 {<<"ws">>,{pkg,<<"erlang_ws">>,<<"0.3.0">>},1}]}.
[
{pkg_hash,[
 {<<"barrel_mcp">>, <<"D03C422CECBDFF41FF1B2B264515A1A8FD4D71DADA3DC69A22B5AFCE1DE6724A">>},
 {<<"certifi">>, <<"D90C46AEE6A69A27043E656AAD1BCCB933D83F1F55097B82F85FC9B3BEE9C239">>},
 {<<"h1">>, <<"26D1B59A6930EB21EAEAFEA8BE05C74B437FA277B6048B90AB430E2A9A0F1DC3">>},
 {<<"h2">>, <<"F21D04760F085C3BA55317A0B50CFA4BB3F637A5894C8F9BE312A86C97B79835">>},
 {<<"hackney">>, <<"2CB4B219E02731856454AFA3272667EB30A05EB9E55522D85BCC533894595973">>},
 {<<"idna">>, <<"1067A13043538129602D2F2CE6899D8713125C7D19734AA557CE2E3EA55BD4F1">>},
 {<<"instrument">>, <<"104661C2926A7EC5DD5F04E89728DE9A70A212290F9FD7E65E1ED9BB42649271">>},
 {<<"livery">>, <<"2EC1B65E09ED5A8E5901C4080A760704563BAE3E077B4FBD72563BF77253D2F2">>},
 {<<"mimerl">>, <<"F35ACA6F23242339B3666E0AC0702379E362B469D0AEA167F6CC713547E777ED">>},
 {<<"parse_trans">>, <<"92D36EEF7CFE61CE7745DAA91313DFE25480CD62C880C998E8745AF85B949C0D">>},
 {<<"quic">>, <<"C3E723B090B6E6615038A0B1AD8FE75E60EDA898721C7F36937E216BA50B1C3F">>},
 {<<"ssl_verify_fun">>, <<"354C321CF377240C7B8716899E182CE4890C5938111A1296ADD3EC74CF1715DF">>},
 {<<"webtransport">>, <<"28C6CB1025C1A204CB4C5682393EF7F03C2F477A4936981AAFC65F0E13C0237E">>},
 {<<"ws">>, <<"6778E82A478FF6D205C14E5F17883447CF8BF4919E2C4F811FE3BE263635E37D">>}]},
{pkg_hash_ext,[
 {<<"barrel_mcp">>, <<"96717F4669257F3E39121270537A3AA00A3B89E22C9054D4269B315D9D56FC6F">>},
 {<<"certifi">>, <<"8122798A17F0293C80DAADA25D0F81C7F4D708C73FEF782C7C9B1950E26E4D21">>},
 {<<"h1">>, <<"F2055964E01E5A1F8E31601DA6EF91C052C56B14C364CC7C3763A1237221D365">>},
 {<<"h2">>, <<"686794F441A5AE0F03D1AB40E1713BD1C5130D1D43FB803E79C856C0A63FA8D1">>},
 {<<"hackney">>, <<"F3C59429485C6E773F2B8D1BF687EEC90645471C354F341E27374BDCE61A9115">>},
 {<<"idna">>, <<"6AE959A025BF36DF61A8CAB8508D9654891B5426A84C44D82DEAFFD6DDF8C71F">>},
 {<<"instrument">>, <<"BBC0153D92EBCB1BF655A8B78C3CBA0C2FE3AB0BE060630CCEA11B6B1397D554">>},
 {<<"livery">>, <<"54236AC1DDFB06ABA4F6FE519C09BFD4A01081074C854C6A3134BAD10BCE7367">>},
 {<<"mimerl">>, <<"DB648CE065BAE14EA84CA8B5DD123F42F49417CEF693541110BF6F9E9BE9ECC4">>},
 {<<"parse_trans">>, <<"4C25347DE3B7C35732D32E69AB43D1CEEE0BEAE3F3B3ADE1B59CBD3DD224D9CA">>},
 {<<"quic">>, <<"DE1A88972C33201A50D1A17C8C4A14528BD1D8F25EF705897D680AE312D0AA78">>},
 {<<"ssl_verify_fun">>, <<"FE4C190E8F37401D30167C8C405EDA19469F34577987C76DDE613E838BBC67F8">>},
 {<<"webtransport">>, <<"006E4E52A8F03B69201D4637C85B424A4DDCCC1909F32C5742FED8D495A75174">>},
 {<<"ws">>, <<"4F6FA9DFBDB49D27B6407F7ED5EA34F09499892079A9E5BED7389E352FFC80C5">>}]}
].
