{"1.2.0",
[{<<"barrel_mcp">>,{pkg,<<"barrel_mcp">>,<<"2.2.2">>},0},
 {<<"certifi">>,{pkg,<<"certifi">>,<<"2.16.0">>},2},
 {<<"cowboy">>,
  {git,"https://github.com/ninenines/cowboy.git",
       {ref,"24d32de931a0c985ff7939077463fc8be939f0e9"}},
  0},
 {<<"cowlib">>,
  {git,"https://github.com/ninenines/cowlib",
       {ref,"d0ab49ed797e5bb48209825428d26947d74aabd5"}},
  1},
 {<<"h1">>,{pkg,<<"erlang_h1">>,<<"0.6.1">>},1},
 {<<"h2">>,{pkg,<<"h2">>,<<"0.6.0">>},1},
 {<<"hackney">>,{pkg,<<"hackney">>,<<"4.0.0">>},1},
 {<<"idna">>,{pkg,<<"idna">>,<<"7.1.0">>},2},
 {<<"instrument">>,{pkg,<<"instrument">>,<<"1.0.0">>},0},
 {<<"livery">>,{pkg,<<"livery">>,<<"0.2.7">>},0},
 {<<"mimerl">>,{pkg,<<"mimerl">>,<<"1.5.0">>},1},
 {<<"parse_trans">>,{pkg,<<"parse_trans">>,<<"3.4.1">>},2},
 {<<"quic">>,{pkg,<<"quic">>,<<"1.0.0">>},1},
 {<<"ranch">>,
  {git,"https://github.com/ninenines/ranch",
       {ref,"10b51304b26062e0dbfd5e74824324e9a911e269"}},
  1},
 {<<"ssl_verify_fun">>,{pkg,<<"ssl_verify_fun">>,<<"1.1.7">>},2},
 {<<"webtransport">>,{pkg,<<"webtransport">>,<<"0.3.2">>},1},
 {<<"ws">>,{pkg,<<"erlang_ws">>,<<"0.3.0">>},1}]}.
[
{pkg_hash,[
 {<<"barrel_mcp">>, <<"EBB5A3A15A55ECB36D0857B05B2080C376B5806242822208FFFEDFC561F535DC">>},
 {<<"certifi">>, <<"A4EDFC1D2DA3424D478A3271133BF28E0EC5E6FD8C009AAB5A4AE980CB165CE9">>},
 {<<"h1">>, <<"4F16011A82B759395D9DF151D69C262B3F8A03EDAD6692A9CE1812565AB4B8BE">>},
 {<<"h2">>, <<"32B519F7A5A16FFB699C5EF9784AD279F3D1AA45B563E3328B996C8DB64C27D4">>},
 {<<"hackney">>, <<"DFC90299EDC31553898CD32567F1D46FDB477AFED9ECA694B9C879DDADFA3D62">>},
 {<<"idna">>, <<"1067A13043538129602D2F2CE6899D8713125C7D19734AA557CE2E3EA55BD4F1">>},
 {<<"instrument">>, <<"D9027BEC640DECD7CC27C34F57422DDE6106FDACCF51E2BBE0EB99ABA2165976">>},
 {<<"livery">>, <<"6C9C7B5F3FBF04F66A39B9C7BCDCBF813E7B1A20B6B548EE2C19E76C57EB531B">>},
 {<<"mimerl">>, <<"F35ACA6F23242339B3666E0AC0702379E362B469D0AEA167F6CC713547E777ED">>},
 {<<"parse_trans">>, <<"6E6AA8167CB44CC8F39441D05193BE6E6F4E7C2946CB2759F015F8C56B76E5FF">>},
 {<<"quic">>, <<"2FE86FEEDAB19A2CD4E1355553FB7F30CD7968C66D79E45E331A8CA60FDF4661">>},
 {<<"ssl_verify_fun">>, <<"354C321CF377240C7B8716899E182CE4890C5938111A1296ADD3EC74CF1715DF">>},
 {<<"webtransport">>, <<"1A2976420A7AFA6675A7E19FE034956174966A6BA8D9F68EEF785056AE0E1E58">>},
 {<<"ws">>, <<"6778E82A478FF6D205C14E5F17883447CF8BF4919E2C4F811FE3BE263635E37D">>}]},
{pkg_hash_ext,[
 {<<"barrel_mcp">>, <<"03F1E6DECE689BEF7E31F6DAB23D6362F2CE7E5DDCB776FD04C3C0D2C29588F9">>},
 {<<"certifi">>, <<"8A64F6669D85E9CC0E5086FCF29A5B13DE57A13EFA23D3582874B9A19303F184">>},
 {<<"h1">>, <<"759E345D19E49DE97606348F2B6600F1EB52F6847DC34D8060504A46B4019F6A">>},
 {<<"h2">>, <<"5AC1C05675EFECACBB8014D3923B3A19B1F6C4672F2C103AC24D563169338888">>},
 {<<"hackney">>, <<"56EEA3F252B8A672756986B1BEE827D75C933F9C335D3E0C54F57F48345F272C">>},
 {<<"idna">>, <<"6AE959A025BF36DF61A8CAB8508D9654891B5426A84C44D82DEAFFD6DDF8C71F">>},
 {<<"instrument">>, <<"23E705B35D92DDC13E05BC5306B9D9A7795F40501EFD078248F0CADDC725AEDB">>},
 {<<"livery">>, <<"710A212C9409E3ACACC58178E35514FC5FFE8761E707B03BC78EC5BBCDB651B7">>},
 {<<"mimerl">>, <<"DB648CE065BAE14EA84CA8B5DD123F42F49417CEF693541110BF6F9E9BE9ECC4">>},
 {<<"parse_trans">>, <<"620A406CE75DADA827B82E453C19CF06776BE266F5A67CFF34E1EF2CBB60E49A">>},
 {<<"quic">>, <<"52F59E0BBA92ECEE80A7E685F92B8F498E7ED01F6DD05A682808AFB70279AFCC">>},
 {<<"ssl_verify_fun">>, <<"FE4C190E8F37401D30167C8C405EDA19469F34577987C76DDE613E838BBC67F8">>},
 {<<"webtransport">>, <<"9BC90C2DAB6C09FB6532A27BCAF10A2ACE5749A7DB1C583329462974DE7DD9B1">>},
 {<<"ws">>, <<"4F6FA9DFBDB49D27B6407F7ED5EA34F09499892079A9E5BED7389E352FFC80C5">>}]}
].
